
Microsoft Visual Studio Solution File, Format Version 12.00
# Visual Studio Version 16
VisualStudioVersion = 16.0.30413.136
MinimumVisualStudioVersion = 10.0.40219.1
Project("{FAE04EC0-301F-11D3-BF4B-00C04F79EFBC}") = "Conquer", "Conquer.csproj", "{B3801017-D46A-4603-BFE2-16D8512C5626}"
EndProject
Global
	GlobalSection(SolutionConfigurationPlatforms) = preSolution
		Debug|Any CPU = Debug|Any CPU
		Release|Any CPU = Release|Any CPU
	EndGlobalSection
	GlobalSection(ProjectConfigurationPlatforms) = postSolution
		{B3801017-D46A-4603-BFE2-16D8512C5626}.Debug|Any CPU.ActiveCfg = Debug|Any CPU
		{B3801017-D46A-4603-BFE2-16D8512C5626}.Debug|Any CPU.Build.0 = Debug|Any CPU
		{B3801017-D46A-4603-BFE2-16D8512C5626}.Release|Any CPU.ActiveCfg = Release|Any CPU
		{B3801017-D46A-4603-BFE2-16D8512C5626}.Release|Any CPU.Build.0 = Release|Any CPU
	EndGlobalSection
	GlobalSection(SolutionProperties) = preSolution
		HideSolutionNode = FALSE
	EndGlobalSection
	GlobalSection(ExtensibilityGlobals) = postSolution
		SolutionGuid = {619AF6DF-446E-47FB-BF24-49800E6D90E4}
	EndGlobalSection
EndGlobal
